
Microsoft Visual Studio Solution File, Format Version 12.00
# Visual Studio Version 16
VisualStudioVersion = 16.0.30907.101
MinimumVisualStudioVersion = 10.0.40219.1
Project("{FAE04EC0-301F-11D3-BF4B-00C04F79EFBC}") = "Treneiro", "Treneiro\Treneiro.csproj", "{4611E46F-69EF-4B01-8924-60882D1D077F}"
EndProject
Global
	GlobalSection(SolutionConfigurationPlatforms) = preSolution
		Debug|Any CPU = Debug|Any CPU
		Release|Any CPU = Release|Any CPU
	EndGlobalSection
	GlobalSection(ProjectConfigurationPlatforms) = postSolution
		{4611E46F-69EF-4B01-8924-60882D1D077F}.Debug|Any CPU.ActiveCfg = Debug|Any CPU
		{4611E46F-69EF-4B01-8924-60882D1D077F}.Debug|Any CPU.Build.0 = Debug|Any CPU
		{4611E46F-69EF-4B01-8924-60882D1D077F}.Release|Any CPU.ActiveCfg = Release|Any CPU
		{4611E46F-69EF-4B01-8924-60882D1D077F}.Release|Any CPU.Build.0 = Release|Any CPU
	EndGlobalSection
	GlobalSection(SolutionProperties) = preSolution
		HideSolutionNode = FALSE
	EndGlobalSection
	GlobalSection(ExtensibilityGlobals) = postSolution
		SolutionGuid = {2D76EB23-135F-4A2E-881D-115E6691F3FB}
	EndGlobalSection
EndGlobal
